<?xml version="1.0" encoding="utf-8"?>
<Project ToolsVersion="4.0" xmlns="http://schemas.microsoft.com/developer/msbuild/2003">
  <ItemGroup>
    <ClCompile Include="gme\Blip_Buffer.cpp">
      <Filter>Source Files</Filter>
    </ClCompile>
    <ClCompile Include="gme\Classic_Emu.cpp">
      <Filter>Source Files</Filter>
    </ClCompile>
    <ClCompile Include="gme\Data_Reader.cpp">
      <Filter>Source Files</Filter>
    </ClCompile>
    <ClCompile Include="gme\Effects_Buffer.cpp">
      <Filter>Source Files</Filter>
    </ClCompile>
    <ClCompile Include="gme\gme.cpp">
      <Filter>Source Files</Filter>
    </ClCompile>
    <ClCompile Include="gme\Gme_File.cpp">
      <Filter>Source Files</Filter>
    </ClCompile>
    <ClCompile Include="gme\M3u_Playlist.cpp">
      <Filter>Source Files</Filter>
    </ClCompile>
    <ClCompile Include="gme\Multi_Buffer.cpp">
      <Filter>Source Files</Filter>
    </ClCompile>
    <ClCompile Include="gme\Music_Emu.cpp">
      <Filter>Source Files</Filter>
    </ClCompile>
    <ClCompile Include="gme\Nes_Apu.cpp">
      <Filter>Source Files</Filter>
    </ClCompile>
    <ClCompile Include="gme\Nes_Cpu.cpp">
      <Filter>Source Files</Filter>
    </ClCompile>
    <ClCompile Include="gme\Nes_Fme7_Apu.cpp">
      <Filter>Source Files</Filter>
    </ClCompile>
    <ClCompile Include="gme\Nes_Namco_Apu.cpp">
      <Filter>Source Files</Filter>
    </ClCompile>
    <ClCompile Include="gme\Nes_Oscs.cpp">
      <Filter>Source Files</Filter>
    </ClCompile>
    <ClCompile Include="gme\Nes_Vrc6_Apu.cpp">
      <Filter>Source Files</Filter>
    </ClCompile>
    <ClCompile Include="gme\Nsf_Emu.cpp">
      <Filter>Source Files</Filter>
    </ClCompile>
    <ClCompile Include="gme\Nsfe_Emu.cpp">
      <Filter>Source Files</Filter>
    </ClCompile>
    <ClCompile Include="gme\Ym2612_GENS.cpp">
      <Filter>Source Files</Filter>
    </ClCompile>
    <ClCompile Include="gme\Ym2612_MAME.cpp">
      <Filter>Source Files</Filter>
    </ClCompile>
    <ClCompile Include="gme\Ym2612_Nuked.cpp">
      <Filter>Source Files</Filter>
    </ClCompile>
  </ItemGroup>
  <ItemGroup>
    <ClInclude Include="gme\blargg_common.h">
      <Filter>Header Files</Filter>
    </ClInclude>
    <ClInclude Include="gme\blargg_config.h">
      <Filter>Header Files</Filter>
    </ClInclude>
    <ClInclude Include="gme\blargg_endian.h">
      <Filter>Header Files</Filter>
    </ClInclude>
    <ClInclude Include="gme\blargg_source.h">
      <Filter>Header Files</Filter>
    </ClInclude>
    <ClInclude Include="gme\Blip_Buffer.h">
      <Filter>Header Files</Filter>
    </ClInclude>
    <ClInclude Include="gme\Classic_Emu.h">
      <Filter>Header Files</Filter>
    </ClInclude>
    <ClInclude Include="gme\Data_Reader.h">
      <Filter>Header Files</Filter>
    </ClInclude>
    <ClInclude Include="gme\Effects_Buffer.h">
      <Filter>Header Files</Filter>
    </ClInclude>
    <ClInclude Include="gme\gme.h">
      <Filter>Header Files</Filter>
    </ClInclude>
    <ClInclude Include="gme\Gme_File.h">
      <Filter>Header Files</Filter>
    </ClInclude>
    <ClInclude Include="gme\gme_types.h">
      <Filter>Header Files</Filter>
    </ClInclude>
    <ClInclude Include="gme\M3u_Playlist.h">
      <Filter>Header Files</Filter>
    </ClInclude>
    <ClInclude Include="gme\Multi_Buffer.h">
      <Filter>Header Files</Filter>
    </ClInclude>
    <ClInclude Include="gme\Music_Emu.h">
      <Filter>Header Files</Filter>
    </ClInclude>
    <ClInclude Include="gme\Nes_Apu.h">
      <Filter>Header Files</Filter>
    </ClInclude>
    <ClInclude Include="gme\Nes_Cpu.h">
      <Filter>Header Files</Filter>
    </ClInclude>
    <ClInclude Include="gme\nes_cpu_io.h">
      <Filter>Header Files</Filter>
    </ClInclude>
    <ClInclude Include="gme\Nes_Fme7_Apu.h">
      <Filter>Header Files</Filter>
    </ClInclude>
    <ClInclude Include="gme\Nes_Namco_Apu.h">
      <Filter>Header Files</Filter>
    </ClInclude>
    <ClInclude Include="gme\Nes_Oscs.h">
      <Filter>Header Files</Filter>
    </ClInclude>
    <ClInclude Include="gme\Nes_Vrc6_Apu.h">
      <Filter>Header Files</Filter>
    </ClInclude>
    <ClInclude Include="gme\Nsf_Emu.h">
      <Filter>Header Files</Filter>
    </ClInclude>
    <ClInclude Include="gme\Nsfe_Emu.h">
      <Filter>Header Files</Filter>
    </ClInclude>
    <ClInclude Include="gme\Ym2612_Emu.h">
      <Filter>Header Files</Filter>
    </ClInclude>
    <ClInclude Include="gme\Ym2612_Nuked.h">
      <Filter>Header Files</Filter>
    </ClInclude>
    <ClInclude Include="gme\Ym2612_MAME.h">
      <Filter>Header Files</Filter>
    </ClInclude>
    <ClInclude Include="gme\Ym2612_GENS.h">
      <Filter>Header Files</Filter>
    </ClInclude>
  </ItemGroup>
  <ItemGroup>
    <Filter Include="Source Files">
      <UniqueIdentifier>{7f253ee1-f076-454c-a183-cfb7e7858f50}</UniqueIdentifier>
    </Filter>
    <Filter Include="Header Files">
      <UniqueIdentifier>{4864659a-c8e9-4d2c-b9af-3093b8cf7eaf}</UniqueIdentifier>
    </Filter>
  </ItemGroup>
</Project>